
Microsoft Visual Studio Solution File, Format Version 12.00
# Visual Studio Version 17
VisualStudioVersion = 17.10.35013.160
MinimumVisualStudioVersion = 10.0.40219.1
Project("{FAE04EC0-301F-11D3-BF4B-00C04F79EFBC}") = "voteApp", "voteApp\voteApp.csproj", "{FA29D048-86D4-4704-BAD7-8357AEB135BE}"
EndProject
Global
	GlobalSection(SolutionConfigurationPlatforms) = preSolution
		Debug|Any CPU = Debug|Any CPU
		Release|Any CPU = Release|Any CPU
	EndGlobalSection
	GlobalSection(ProjectConfigurationPlatforms) = postSolution
		{FA29D048-86D4-4704-BAD7-8357AEB135BE}.Debug|Any CPU.ActiveCfg = Debug|Any CPU
		{FA29D048-86D4-4704-BAD7-8357AEB135BE}.Debug|Any CPU.Build.0 = Debug|Any CPU
		{FA29D048-86D4-4704-BAD7-8357AEB135BE}.Release|Any CPU.ActiveCfg = Release|Any CPU
		{FA29D048-86D4-4704-BAD7-8357AEB135BE}.Release|Any CPU.Build.0 = Release|Any CPU
	EndGlobalSection
	GlobalSection(SolutionProperties) = preSolution
		HideSolutionNode = FALSE
	EndGlobalSection
	GlobalSection(ExtensibilityGlobals) = postSolution
		SolutionGuid = {6F54BBE1-2185-4B45-A574-961DCF75543C}
	EndGlobalSection
EndGlobal
